
Microsoft Visual Studio Solution File, Format Version 12.00
# Visual Studio Version 17
VisualStudioVersion = 17.1.32328.378
MinimumVisualStudioVersion = 10.0.40219.1
Project("{FAE04EC0-301F-11D3-BF4B-00C04F79EFBC}") = "slig", "slig\slig.csproj", "{5FA8186E-B81F-43D0-82B4-14371B98A3C1}"
EndProject
Global
	GlobalSection(SolutionConfigurationPlatforms) = preSolution
		Debug|Any CPU = Debug|Any CPU
		Release|Any CPU = Release|Any CPU
	EndGlobalSection
	GlobalSection(ProjectConfigurationPlatforms) = postSolution
		{5FA8186E-B81F-43D0-82B4-14371B98A3C1}.Debug|Any CPU.ActiveCfg = Debug|Any CPU
		{5FA8186E-B81F-43D0-82B4-14371B98A3C1}.Debug|Any CPU.Build.0 = Debug|Any CPU
		{5FA8186E-B81F-43D0-82B4-14371B98A3C1}.Release|Any CPU.ActiveCfg = Release|Any CPU
		{5FA8186E-B81F-43D0-82B4-14371B98A3C1}.Release|Any CPU.Build.0 = Release|Any CPU
	EndGlobalSection
	GlobalSection(SolutionProperties) = preSolution
		HideSolutionNode = FALSE
	EndGlobalSection
	GlobalSection(ExtensibilityGlobals) = postSolution
		SolutionGuid = {A8B65BD4-90C5-4E08-A6A8-E93F8951F227}
	EndGlobalSection
EndGlobal
